// !$*UTF8*$!
{
	archiveVersion = 1;
	classes = {
	};
	objectVersion = 50;
	objects = {

/* Begin PBXBuildFile section */
		FAFA6994250B2FD9007D3694 /* AppDelegate.swift in Sources */ = {isa = PBXBuildFile; fileRef = FAFA6993250B2FD9007D3694 /* AppDelegate.swift */; };
		FAFA6996250B2FD9007D3694 /* SceneDelegate.swift in Sources */ = {isa = PBXBuildFile; fileRef = FAFA6995250B2FD9007D3694 /* SceneDelegate.swift */; };
		FAFA6998250B2FD9007D3694 /* ViewController.swift in Sources */ = {isa = PBXBuildFile; fileRef = FAFA6997250B2FD9007D3694 /* ViewController.swift */; };
		FAFA699B250B2FD9007D3694 /* Main.storyboard in Resources */ = {isa = PBXBuildFile; fileRef = FAFA6999250B2FD9007D3694 /* Main.storyboard */; };
		FAFA699D250B2FDA007D3694 /* Assets.xcassets in Resources */ = {isa = PBXBuildFile; fileRef = FAFA699C250B2FDA007D3694 /* Assets.xcassets */; };
		FAFA69A0250B2FDA007D3694 /* LaunchScreen.storyboard in Resources */ = {isa = PBXBuildFile; fileRef = FAFA699E250B2FDA007D3694 /* LaunchScreen.storyboard */; };
		FAFA69AB250B2FDA007D3694 /* tests_appTests.swift in Sources */ = {isa = PBXBuildFile; fileRef = FAFA69AA250B2FDA007D3694 /* tests_appTests.swift */; };
		FAFA69B6250B2FDA007D3694 /* tests_appUITests.swift in Sources */ = {isa = PBXBuildFile; fileRef = FAFA69B5250B2FDA007D3694 /* tests_appUITests.swift */; };
		FAFA69C4250B328D007D3694 /* ViewControllersKeys.swift in Sources */ = {isa = PBXBuildFile; fileRef = FAFA69C3250B328D007D3694 /* ViewControllersKeys.swift */; };
		FAFA69C7250B3577007D3694 /* MenuTestOptionCell.xib in Resources */ = {isa = PBXBuildFile; fileRef = FAFA69C6250B3577007D3694 /* MenuTestOptionCell.xib */; };
		FAFA69C9250B3592007D3694 /* MenuTestOptionCell.swift in Sources */ = {isa = PBXBuildFile; fileRef = FAFA69C8250B3592007D3694 /* MenuTestOptionCell.swift */; };
		FAFA69CB250E90D2007D3694 /* TestAccess.swift in Sources */ = {isa = PBXBuildFile; fileRef = FAFA69CA250E90D2007D3694 /* TestAccess.swift */; };
		FAFA69D6250EAB25007D3694 /* MainMenuPresenter.swift in Sources */ = {isa = PBXBuildFile; fileRef = FAFA69D5250EAB25007D3694 /* MainMenuPresenter.swift */; };
		FAFA69D8250EACD9007D3694 /* MenuView.storyboard in Resources */ = {isa = PBXBuildFile; fileRef = FAFA69D7250EACD9007D3694 /* MenuView.storyboard */; };
		FAFA69DA250EACF3007D3694 /* MenuView.swift in Sources */ = {isa = PBXBuildFile; fileRef = FAFA69D9250EACF3007D3694 /* MenuView.swift */; };
		FAFA69DE250EB606007D3694 /* MenuRepository.swift in Sources */ = {isa = PBXBuildFile; fileRef = FAFA69DD250EB606007D3694 /* MenuRepository.swift */; };
/* End PBXBuildFile section */

/* Begin PBXContainerItemProxy section */
		FAFA69A7250B2FDA007D3694 /* PBXContainerItemProxy */ = {
			isa = PBXContainerItemProxy;
			containerPortal = FAFA6988250B2FD9007D3694 /* Project object */;
			proxyType = 1;
			remoteGlobalIDString = FAFA698F250B2FD9007D3694;
			remoteInfo = tests_app;
		};
		FAFA69B2250B2FDA007D3694 /* PBXContainerItemProxy */ = {
			isa = PBXContainerItemProxy;
			containerPortal = FAFA6988250B2FD9007D3694 /* Project object */;
			proxyType = 1;
			remoteGlobalIDString = FAFA698F250B2FD9007D3694;
			remoteInfo = tests_app;
		};
/* End PBXContainerItemProxy section */

/* Begin PBXFileReference section */
		FAFA6990250B2FD9007D3694 /* tests_app.app */ = {isa = PBXFileReference; explicitFileType = wrapper.application; includeInIndex = 0; path = tests_app.app; sourceTree = BUILT_PRODUCTS_DIR; };
		FAFA6993250B2FD9007D3694 /* AppDelegate.swift */ = {isa = PBXFileReference; lastKnownFileType = sourcecode.swift; path = AppDelegate.swift; sourceTree = "<group>"; };
		FAFA6995250B2FD9007D3694 /* SceneDelegate.swift */ = {isa = PBXFileReference; lastKnownFileType = sourcecode.swift; path = SceneDelegate.swift; sourceTree = "<group>"; };
		FAFA6997250B2FD9007D3694 /* ViewController.swift */ = {isa = PBXFileReference; lastKnownFileType = sourcecode.swift; path = ViewController.swift; sourceTree = "<group>"; };
		FAFA699A250B2FD9007D3694 /* Base */ = {isa = PBXFileReference; lastKnownFileType = file.storyboard; name = Base; path = Base.lproj/Main.storyboard; sourceTree = "<group>"; };
		FAFA699C250B2FDA007D3694 /* Assets.xcassets */ = {isa = PBXFileReference; lastKnownFileType = folder.assetcatalog; path = Assets.xcassets; sourceTree = "<group>"; };
		FAFA699F250B2FDA007D3694 /* Base */ = {isa = PBXFileReference; lastKnownFileType = file.storyboard; name = Base; path = Base.lproj/LaunchScreen.storyboard; sourceTree = "<group>"; };
		FAFA69A1250B2FDA007D3694 /* Info.plist */ = {isa = PBXFileReference; lastKnownFileType = text.plist.xml; path = Info.plist; sourceTree = "<group>"; };
		FAFA69A6250B2FDA007D3694 /* tests_appTests.xctest */ = {isa = PBXFileReference; explicitFileType = wrapper.cfbundle; includeInIndex = 0; path = tests_appTests.xctest; sourceTree = BUILT_PRODUCTS_DIR; };
		FAFA69AA250B2FDA007D3694 /* tests_appTests.swift */ = {isa = PBXFileReference; lastKnownFileType = sourcecode.swift; path = tests_appTests.swift; sourceTree = "<group>"; };
		FAFA69AC250B2FDA007D3694 /* Info.plist */ = {isa = PBXFileReference; lastKnownFileType = text.plist.xml; path = Info.plist; sourceTree = "<group>"; };
		FAFA69B1250B2FDA007D3694 /* tests_appUITests.xctest */ = {isa = PBXFileReference; explicitFileType = wrapper.cfbundle; includeInIndex = 0; path = tests_appUITests.xctest; sourceTree = BUILT_PRODUCTS_DIR; };
		FAFA69B5250B2FDA007D3694 /* tests_appUITests.swift */ = {isa = PBXFileReference; lastKnownFileType = sourcecode.swift; path = tests_appUITests.swift; sourceTree = "<group>"; };
		FAFA69B7250B2FDA007D3694 /* Info.plist */ = {isa = PBXFileReference; lastKnownFileType = text.plist.xml; path = Info.plist; sourceTree = "<group>"; };
		FAFA69C3250B328D007D3694 /* ViewControllersKeys.swift */ = {isa = PBXFileReference; lastKnownFileType = sourcecode.swift; path = ViewControllersKeys.swift; sourceTree = "<group>"; };
		FAFA69C6250B3577007D3694 /* MenuTestOptionCell.xib */ = {isa = PBXFileReference; lastKnownFileType = file.xib; path = MenuTestOptionCell.xib; sourceTree = "<group>"; };
		FAFA69C8250B3592007D3694 /* MenuTestOptionCell.swift */ = {isa = PBXFileReference; lastKnownFileType = sourcecode.swift; path = MenuTestOptionCell.swift; sourceTree = "<group>"; };
		FAFA69CA250E90D2007D3694 /* TestAccess.swift */ = {isa = PBXFileReference; lastKnownFileType = sourcecode.swift; path = TestAccess.swift; sourceTree = "<group>"; };
		FAFA69D5250EAB25007D3694 /* MainMenuPresenter.swift */ = {isa = PBXFileReference; lastKnownFileType = sourcecode.swift; path = MainMenuPresenter.swift; sourceTree = "<group>"; };
		FAFA69D7250EACD9007D3694 /* MenuView.storyboard */ = {isa = PBXFileReference; lastKnownFileType = file.storyboard; path = MenuView.storyboard; sourceTree = "<group>"; };
		FAFA69D9250EACF3007D3694 /* MenuView.swift */ = {isa = PBXFileReference; lastKnownFileType = sourcecode.swift; path = MenuView.swift; sourceTree = "<group>"; };
		FAFA69DD250EB606007D3694 /* MenuRepository.swift */ = {isa = PBXFileReference; lastKnownFileType = sourcecode.swift; path = MenuRepository.swift; sourceTree = "<group>"; };
/* End PBXFileReference section */

/* Begin PBXFrameworksBuildPhase section */
		FAFA698D250B2FD9007D3694 /* Frameworks */ = {
			isa = PBXFrameworksBuildPhase;
			buildActionMask = 2147483647;
			files = (
			);
			runOnlyForDeploymentPostprocessing = 0;
		};
		FAFA69A3250B2FDA007D3694 /* Frameworks */ = {
			isa = PBXFrameworksBuildPhase;
			buildActionMask = 2147483647;
			files = (
			);
			runOnlyForDeploymentPostprocessing = 0;
		};
		FAFA69AE250B2FDA007D3694 /* Frameworks */ = {
			isa = PBXFrameworksBuildPhase;
			buildActionMask = 2147483647;
			files = (
			);
			runOnlyForDeploymentPostprocessing = 0;
		};
/* End PBXFrameworksBuildPhase section */

/* Begin PBXGroup section */
		FAFA6987250B2FD9007D3694 = {
			isa = PBXGroup;
			children = (
				FAFA6992250B2FD9007D3694 /* tests_app */,
				FAFA69A9250B2FDA007D3694 /* tests_appTests */,
				FAFA69B4250B2FDA007D3694 /* tests_appUITests */,
				FAFA6991250B2FD9007D3694 /* Products */,
			);
			sourceTree = "<group>";
		};
		FAFA6991250B2FD9007D3694 /* Products */ = {
			isa = PBXGroup;
			children = (
				FAFA6990250B2FD9007D3694 /* tests_app.app */,
				FAFA69A6250B2FDA007D3694 /* tests_appTests.xctest */,
				FAFA69B1250B2FDA007D3694 /* tests_appUITests.xctest */,
			);
			name = Products;
			sourceTree = "<group>";
		};
		FAFA6992250B2FD9007D3694 /* tests_app */ = {
			isa = PBXGroup;
			children = (
				FAFA6999250B2FD9007D3694 /* Main.storyboard */,
				FAFA6997250B2FD9007D3694 /* ViewController.swift */,
				FAFA6993250B2FD9007D3694 /* AppDelegate.swift */,
				FAFA6995250B2FD9007D3694 /* SceneDelegate.swift */,
				FAFA699C250B2FDA007D3694 /* Assets.xcassets */,
				FAFA699E250B2FDA007D3694 /* LaunchScreen.storyboard */,
				FAFA69A1250B2FDA007D3694 /* Info.plist */,
				FAFA69C5250B32DD007D3694 /* Main Application */,
			);
			path = tests_app;
			sourceTree = "<group>";
		};
		FAFA69A9250B2FDA007D3694 /* tests_appTests */ = {
			isa = PBXGroup;
			children = (
				FAFA69AA250B2FDA007D3694 /* tests_appTests.swift */,
				FAFA69AC250B2FDA007D3694 /* Info.plist */,
			);
			path = tests_appTests;
			sourceTree = "<group>";
		};
		FAFA69B4250B2FDA007D3694 /* tests_appUITests */ = {
			isa = PBXGroup;
			children = (
				FAFA69B5250B2FDA007D3694 /* tests_appUITests.swift */,
				FAFA69B7250B2FDA007D3694 /* Info.plist */,
			);
			path = tests_appUITests;
			sourceTree = "<group>";
		};
		FAFA69C5250B32DD007D3694 /* Main Application */ = {
			isa = PBXGroup;
			children = (
				FAFA69DC250EB5F8007D3694 /* repository */,
				FAFA69D4250EA99F007D3694 /* Model */,
				FAFA69D3250EA992007D3694 /* View */,
				FAFA69D2250EA985007D3694 /* Presenter */,
			);
			path = "Main Application";
			sourceTree = "<group>";
		};
		FAFA69D2250EA985007D3694 /* Presenter */ = {
			isa = PBXGroup;
			children = (
				FAFA69D5250EAB25007D3694 /* MainMenuPresenter.swift */,
			);
			path = Presenter;
			sourceTree = "<group>";
		};
		FAFA69D3250EA992007D3694 /* View */ = {
			isa = PBXGroup;
			children = (
				FAFA69D7250EACD9007D3694 /* MenuView.storyboard */,
				FAFA69D9250EACF3007D3694 /* MenuView.swift */,
				FAFA69C6250B3577007D3694 /* MenuTestOptionCell.xib */,
				FAFA69C8250B3592007D3694 /* MenuTestOptionCell.swift */,
			);
			path = View;
			sourceTree = "<group>";
		};
		FAFA69D4250EA99F007D3694 /* Model */ = {
			isa = PBXGroup;
			children = (
				FAFA69C3250B328D007D3694 /* ViewControllersKeys.swift */,
				FAFA69CA250E90D2007D3694 /* TestAccess.swift */,
			);
			path = Model;
			sourceTree = "<group>";
		};
		FAFA69DC250EB5F8007D3694 /* repository */ = {
			isa = PBXGroup;
			children = (
				FAFA69DD250EB606007D3694 /* MenuRepository.swift */,
			);
			path = repository;
			sourceTree = "<group>";
		};
/* End PBXGroup section */

/* Begin PBXNativeTarget section */
		FAFA698F250B2FD9007D3694 /* tests_app */ = {
			isa = PBXNativeTarget;
			buildConfigurationList = FAFA69BA250B2FDA007D3694 /* Build configuration list for PBXNativeTarget "tests_app" */;
			buildPhases = (
				FAFA698C250B2FD9007D3694 /* Sources */,
				FAFA698D250B2FD9007D3694 /* Frameworks */,
				FAFA698E250B2FD9007D3694 /* Resources */,
			);
			buildRules = (
			);
			dependencies = (
			);
			name = tests_app;
			productName = tests_app;
			productReference = FAFA6990250B2FD9007D3694 /* tests_app.app */;
			productType = "com.apple.product-type.application";
		};
		FAFA69A5250B2FDA007D3694 /* tests_appTests */ = {
			isa = PBXNativeTarget;
			buildConfigurationList = FAFA69BD250B2FDA007D3694 /* Build configuration list for PBXNativeTarget "tests_appTests" */;
			buildPhases = (
				FAFA69A2250B2FDA007D3694 /* Sources */,
				FAFA69A3250B2FDA007D3694 /* Frameworks */,
				FAFA69A4250B2FDA007D3694 /* Resources */,
			);
			buildRules = (
			);
			dependencies = (
				FAFA69A8250B2FDA007D3694 /* PBXTargetDependency */,
			);
			name = tests_appTests;
			productName = tests_appTests;
			productReference = FAFA69A6250B2FDA007D3694 /* tests_appTests.xctest */;
			productType = "com.apple.product-type.bundle.unit-test";
		};
		FAFA69B0250B2FDA007D3694 /* tests_appUITests */ = {
			isa = PBXNativeTarget;
			buildConfigurationList = FAFA69C0250B2FDA007D3694 /* Build configuration list for PBXNativeTarget "tests_appUITests" */;
			buildPhases = (
				FAFA69AD250B2FDA007D3694 /* Sources */,
				FAFA69AE250B2FDA007D3694 /* Frameworks */,
				FAFA69AF250B2FDA007D3694 /* Resources */,
			);
			buildRules = (
			);
			dependencies = (
				FAFA69B3250B2FDA007D3694 /* PBXTargetDependency */,
			);
			name = tests_appUITests;
			productName = tests_appUITests;
			productReference = FAFA69B1250B2FDA007D3694 /* tests_appUITests.xctest */;
			productType = "com.apple.product-type.bundle.ui-testing";
		};
/* End PBXNativeTarget section */

/* Begin PBXProject section */
		FAFA6988250B2FD9007D3694 /* Project object */ = {
			isa = PBXProject;
			attributes = {
				LastSwiftUpdateCheck = 1170;
				LastUpgradeCheck = 1170;
				ORGANIZATIONNAME = ballustra;
				TargetAttributes = {
					FAFA698F250B2FD9007D3694 = {
						CreatedOnToolsVersion = 11.7;
					};
					FAFA69A5250B2FDA007D3694 = {
						CreatedOnToolsVersion = 11.7;
						TestTargetID = FAFA698F250B2FD9007D3694;
					};
					FAFA69B0250B2FDA007D3694 = {
						CreatedOnToolsVersion = 11.7;
						TestTargetID = FAFA698F250B2FD9007D3694;
					};
				};
			};
			buildConfigurationList = FAFA698B250B2FD9007D3694 /* Build configuration list for PBXProject "tests_app" */;
			compatibilityVersion = "Xcode 9.3";
			developmentRegion = en;
			hasScannedForEncodings = 0;
			knownRegions = (
				en,
				Base,
			);
			mainGroup = FAFA6987250B2FD9007D3694;
			productRefGroup = FAFA6991250B2FD9007D3694 /* Products */;
			projectDirPath = "";
			projectRoot = "";
			targets = (
				FAFA698F250B2FD9007D3694 /* tests_app */,
				FAFA69A5250B2FDA007D3694 /* tests_appTests */,
				FAFA69B0250B2FDA007D3694 /* tests_appUITests */,
			);
		};
/* End PBXProject section */

/* Begin PBXResourcesBuildPhase section */
		FAFA698E250B2FD9007D3694 /* Resources */ = {
			isa = PBXResourcesBuildPhase;
			buildActionMask = 2147483647;
			files = (
				FAFA69D8250EACD9007D3694 /* MenuView.storyboard in Resources */,
				FAFA69A0250B2FDA007D3694 /* LaunchScreen.storyboard in Resources */,
				FAFA69C7250B3577007D3694 /* MenuTestOptionCell.xib in Resources */,
				FAFA699D250B2FDA007D3694 /* Assets.xcassets in Resources */,
				FAFA699B250B2FD9007D3694 /* Main.storyboard in Resources */,
			);
			runOnlyForDeploymentPostprocessing = 0;
		};
		FAFA69A4250B2FDA007D3694 /* Resources */ = {
			isa = PBXResourcesBuildPhase;
			buildActionMask = 2147483647;
			files = (
			);
			runOnlyForDeploymentPostprocessing = 0;
		};
		FAFA69AF250B2FDA007D3694 /* Resources */ = {
			isa = PBXResourcesBuildPhase;
			buildActionMask = 2147483647;
			files = (
			);
			runOnlyForDeploymentPostprocessing = 0;
		};
/* End PBXResourcesBuildPhase section */

/* Begin PBXSourcesBuildPhase section */
		FAFA698C250B2FD9007D3694 /* Sources */ = {
			isa = PBXSourcesBuildPhase;
			buildActionMask = 2147483647;
			files = (
				FAFA6998250B2FD9007D3694 /* ViewController.swift in Sources */,
				FAFA69DE250EB606007D3694 /* MenuRepository.swift in Sources */,
				FAFA69DA250EACF3007D3694 /* MenuView.swift in Sources */,
				FAFA69CB250E90D2007D3694 /* TestAccess.swift in Sources */,
				FAFA6994250B2FD9007D3694 /* AppDelegate.swift in Sources */,
				FAFA69D6250EAB25007D3694 /* MainMenuPresenter.swift in Sources */,
				FAFA69C9250B3592007D3694 /* MenuTestOptionCell.swift in Sources */,
				FAFA69C4250B328D007D3694 /* ViewControllersKeys.swift in Sources */,
				FAFA6996250B2FD9007D3694 /* SceneDelegate.swift in Sources */,
			);
			runOnlyForDeploymentPostprocessing = 0;
		};
		FAFA69A2250B2FDA007D3694 /* Sources */ = {
			isa = PBXSourcesBuildPhase;
			buildActionMask = 2147483647;
			files = (
				FAFA69AB250B2FDA007D3694 /* tests_appTests.swift in Sources */,
			);
			runOnlyForDeploymentPostprocessing = 0;
		};
		FAFA69AD250B2FDA007D3694 /* Sources */ = {
			isa = PBXSourcesBuildPhase;
			buildActionMask = 2147483647;
			files = (
				FAFA69B6250B2FDA007D3694 /* tests_appUITests.swift in Sources */,
			);
			runOnlyForDeploymentPostprocessing = 0;
		};
/* End PBXSourcesBuildPhase section */

/* Begin PBXTargetDependency section */
		FAFA69A8250B2FDA007D3694 /* PBXTargetDependency */ = {
			isa = PBXTargetDependency;
			target = FAFA698F250B2FD9007D3694 /* tests_app */;
			targetProxy = FAFA69A7250B2FDA007D3694 /* PBXContainerItemProxy */;
		};
		FAFA69B3250B2FDA007D3694 /* PBXTargetDependency */ = {
			isa = PBXTargetDependency;
			target = FAFA698F250B2FD9007D3694 /* tests_app */;
			targetProxy = FAFA69B2250B2FDA007D3694 /* PBXContainerItemProxy */;
		};
/* End PBXTargetDependency section */

/* Begin PBXVariantGroup section */
		FAFA6999250B2FD9007D3694 /* Main.storyboard */ = {
			isa = PBXVariantGroup;
			children = (
				FAFA699A250B2FD9007D3694 /* Base */,
			);
			name = Main.storyboard;
			sourceTree = "<group>";
		};
		FAFA699E250B2FDA007D3694 /* LaunchScreen.storyboard */ = {
			isa = PBXVariantGroup;
			children = (
				FAFA699F250B2FDA007D3694 /* Base */,
			);
			name = LaunchScreen.storyboard;
			sourceTree = "<group>";
		};
/* End PBXVariantGroup section */

/* Begin XCBuildConfiguration section */
		FAFA69B8250B2FDA007D3694 /* Debug */ = {
			isa = XCBuildConfiguration;
			buildSettings = {
				ALWAYS_SEARCH_USER_PATHS = NO;
				CLANG_ANALYZER_NONNULL = YES;
				CLANG_ANALYZER_NUMBER_OBJECT_CONVERSION = YES_AGGRESSIVE;
				CLANG_CXX_LANGUAGE_STANDARD = "gnu++14";
				CLANG_CXX_LIBRARY = "libc++";
				CLANG_ENABLE_MODULES = YES;
				CLANG_ENABLE_OBJC_ARC = YES;
				CLANG_ENABLE_OBJC_WEAK = YES;
				CLANG_WARN_BLOCK_CAPTURE_AUTORELEASING = YES;
				CLANG_WARN_BOOL_CONVERSION = YES;
				CLANG_WARN_COMMA = YES;
				CLANG_WARN_CONSTANT_CONVERSION = YES;
				CLANG_WARN_DEPRECATED_OBJC_IMPLEMENTATIONS = YES;
				CLANG_WARN_DIRECT_OBJC_ISA_USAGE = YES_ERROR;
				CLANG_WARN_DOCUMENTATION_COMMENTS = YES;
				CLANG_WARN_EMPTY_BODY = YES;
				CLANG_WARN_ENUM_CONVERSION = YES;
				CLANG_WARN_INFINITE_RECURSION = YES;
				CLANG_WARN_INT_CONVERSION = YES;
				CLANG_WARN_NON_LITERAL_NULL_CONVERSION = YES;
				CLANG_WARN_OBJC_IMPLICIT_RETAIN_SELF = YES;
				CLANG_WARN_OBJC_LITERAL_CONVERSION = YES;
				CLANG_WARN_OBJC_ROOT_CLASS = YES_ERROR;
				CLANG_WARN_RANGE_LOOP_ANALYSIS = YES;
				CLANG_WARN_STRICT_PROTOTYPES = YES;
				CLANG_WARN_SUSPICIOUS_MOVE = YES;
				CLANG_WARN_UNGUARDED_AVAILABILITY = YES_AGGRESSIVE;
				CLANG_WARN_UNREACHABLE_CODE = YES;
				CLANG_WARN__DUPLICATE_METHOD_MATCH = YES;
				COPY_PHASE_STRIP = NO;
				DEBUG_INFORMATION_FORMAT = dwarf;
				ENABLE_STRICT_OBJC_MSGSEND = YES;
				ENABLE_TESTABILITY = YES;
				GCC_C_LANGUAGE_STANDARD = gnu11;
				GCC_DYNAMIC_NO_PIC = NO;
				GCC_NO_COMMON_BLOCKS = YES;
				GCC_OPTIMIZATION_LEVEL = 0;
				GCC_PREPROCESSOR_DEFINITIONS = (
					"DEBUG=1",
					"$(inherited)",
				);
				GCC_WARN_64_TO_32_BIT_CONVERSION = YES;
				GCC_WARN_ABOUT_RETURN_TYPE = YES_ERROR;
				GCC_WARN_UNDECLARED_SELECTOR = YES;
				GCC_WARN_UNINITIALIZED_AUTOS = YES_AGGRESSIVE;
				GCC_WARN_UNUSED_FUNCTION = YES;
				GCC_WARN_UNUSED_VARIABLE = YES;
				IPHONEOS_DEPLOYMENT_TARGET = 13.7;
				MTL_ENABLE_DEBUG_INFO = INCLUDE_SOURCE;
				MTL_FAST_MATH = YES;
				ONLY_ACTIVE_ARCH = YES;
				SDKROOT = iphoneos;
				SWIFT_ACTIVE_COMPILATION_CONDITIONS = DEBUG;
				SWIFT_OPTIMIZATION_LEVEL = "-Onone";
			};
			name = Debug;
		};
		FAFA69B9250B2FDA007D3694 /* Release */ = {
			isa = XCBuildConfiguration;
			buildSettings = {
				ALWAYS_SEARCH_USER_PATHS = NO;
				CLANG_ANALYZER_NONNULL = YES;
				CLANG_ANALYZER_NUMBER_OBJECT_CONVERSION = YES_AGGRESSIVE;
				CLANG_CXX_LANGUAGE_STANDARD = "gnu++14";
				CLANG_CXX_LIBRARY = "libc++";
				CLANG_ENABLE_MODULES = YES;
				CLANG_ENABLE_OBJC_ARC = YES;
				CLANG_ENABLE_OBJC_WEAK = YES;
				CLANG_WARN_BLOCK_CAPTURE_AUTORELEASING = YES;
				CLANG_WARN_BOOL_CONVERSION = YES;
				CLANG_WARN_COMMA = YES;
				CLANG_WARN_CONSTANT_CONVERSION = YES;
				CLANG_WARN_DEPRECATED_OBJC_IMPLEMENTATIONS = YES;
				CLANG_WARN_DIRECT_OBJC_ISA_USAGE = YES_ERROR;
				CLANG_WARN_DOCUMENTATION_COMMENTS = YES;
				CLANG_WARN_EMPTY_BODY = YES;
				CLANG_WARN_ENUM_CONVERSION = YES;
				CLANG_WARN_INFINITE_RECURSION = YES;
				CLANG_WARN_INT_CONVERSION = YES;
				CLANG_WARN_NON_LITERAL_NULL_CONVERSION = YES;
				CLANG_WARN_OBJC_IMPLICIT_RETAIN_SELF = YES;
				CLANG_WARN_OBJC_LITERAL_CONVERSION = YES;
				CLANG_WARN_OBJC_ROOT_CLASS = YES_ERROR;
				CLANG_WARN_RANGE_LOOP_ANALYSIS = YES;
				CLANG_WARN_STRICT_PROTOTYPES = YES;
				CLANG_WARN_SUSPICIOUS_MOVE = YES;
				CLANG_WARN_UNGUARDED_AVAILABILITY = YES_AGGRESSIVE;
				CLANG_WARN_UNREACHABLE_CODE = YES;
				CLANG_WARN__DUPLICATE_METHOD_MATCH = YES;
				COPY_PHASE_STRIP = NO;
				DEBUG_INFORMATION_FORMAT = "dwarf-with-dsym";
				ENABLE_NS_ASSERTIONS = NO;
				ENABLE_STRICT_OBJC_MSGSEND = YES;
				GCC_C_LANGUAGE_STANDARD = gnu11;
				GCC_NO_COMMON_BLOCKS = YES;
				GCC_WARN_64_TO_32_BIT_CONVERSION = YES;
				GCC_WARN_ABOUT_RETURN_TYPE = YES_ERROR;
				GCC_WARN_UNDECLARED_SELECTOR = YES;
				GCC_WARN_UNINITIALIZED_AUTOS = YES_AGGRESSIVE;
				GCC_WARN_UNUSED_FUNCTION = YES;
				GCC_WARN_UNUSED_VARIABLE = YES;
				IPHONEOS_DEPLOYMENT_TARGET = 13.7;
				MTL_ENABLE_DEBUG_INFO = NO;
				MTL_FAST_MATH = YES;
				SDKROOT = iphoneos;
				SWIFT_COMPILATION_MODE = wholemodule;
				SWIFT_OPTIMIZATION_LEVEL = "-O";
				VALIDATE_PRODUCT = YES;
			};
			name = Release;
		};
		FAFA69BB250B2FDA007D3694 /* Debug */ = {
			isa = XCBuildConfiguration;
			buildSettings = {
				ASSETCATALOG_COMPILER_APPICON_NAME = AppIcon;
				CODE_SIGN_STYLE = Automatic;
				DEVELOPMENT_TEAM = HA7UKJFQWZ;
				INFOPLIST_FILE = tests_app/Info.plist;
				LD_RUNPATH_SEARCH_PATHS = (
					"$(inherited)",
					"@executable_path/Frameworks",
				);
				PRODUCT_BUNDLE_IDENTIFIER = "ballustra.test.tests-app";
				PRODUCT_NAME = "$(TARGET_NAME)";
				SWIFT_VERSION = 5.0;
				TARGETED_DEVICE_FAMILY = 1;
			};
			name = Debug;
		};
		FAFA69BC250B2FDA007D3694 /* Release */ = {
			isa = XCBuildConfiguration;
			buildSettings = {
				ASSETCATALOG_COMPILER_APPICON_NAME = AppIcon;
				CODE_SIGN_STYLE = Automatic;
				DEVELOPMENT_TEAM = HA7UKJFQWZ;
				INFOPLIST_FILE = tests_app/Info.plist;
				LD_RUNPATH_SEARCH_PATHS = (
					"$(inherited)",
					"@executable_path/Frameworks",
				);
				PRODUCT_BUNDLE_IDENTIFIER = "ballustra.test.tests-app";
				PRODUCT_NAME = "$(TARGET_NAME)";
				SWIFT_VERSION = 5.0;
				TARGETED_DEVICE_FAMILY = 1;
			};
			name = Release;
		};
		FAFA69BE250B2FDA007D3694 /* Debug */ = {
			isa = XCBuildConfiguration;
			buildSettings = {
				ALWAYS_EMBED_SWIFT_STANDARD_LIBRARIES = YES;
				BUNDLE_LOADER = "$(TEST_HOST)";
				CODE_SIGN_STYLE = Automatic;
				DEVELOPMENT_TEAM = HA7UKJFQWZ;
				INFOPLIST_FILE = tests_appTests/Info.plist;
				IPHONEOS_DEPLOYMENT_TARGET = 13.7;
				LD_RUNPATH_SEARCH_PATHS = (
					"$(inherited)",
					"@executable_path/Frameworks",
					"@loader_path/Frameworks",
				);
				PRODUCT_BUNDLE_IDENTIFIER = "ballustra.test.tests-appTests";
				PRODUCT_NAME = "$(TARGET_NAME)";
				SWIFT_VERSION = 5.0;
				TARGETED_DEVICE_FAMILY = "1,2";
				TEST_HOST = "$(BUILT_PRODUCTS_DIR)/tests_app.app/tests_app";
			};
			name = Debug;
		};
		FAFA69BF250B2FDA007D3694 /* Release */ = {
			isa = XCBuildConfiguration;
			buildSettings = {
				ALWAYS_EMBED_SWIFT_STANDARD_LIBRARIES = YES;
				BUNDLE_LOADER = "$(TEST_HOST)";
				CODE_SIGN_STYLE = Automatic;
				DEVELOPMENT_TEAM = HA7UKJFQWZ;
				INFOPLIST_FILE = tests_appTests/Info.plist;
				IPHONEOS_DEPLOYMENT_TARGET = 13.7;
				LD_RUNPATH_SEARCH_PATHS = (
					"$(inherited)",
					"@executable_path/Frameworks",
					"@loader_path/Frameworks",
				);
				PRODUCT_BUNDLE_IDENTIFIER = "ballustra.test.tests-appTests";
				PRODUCT_NAME = "$(TARGET_NAME)";
				SWIFT_VERSION = 5.0;
				TARGETED_DEVICE_FAMILY = "1,2";
				TEST_HOST = "$(BUILT_PRODUCTS_DIR)/tests_app.app/tests_app";
			};
			name = Release;
		};
		FAFA69C1250B2FDA007D3694 /* Debug */ = {
			isa = XCBuildConfiguration;
			buildSettings = {
				ALWAYS_EMBED_SWIFT_STANDARD_LIBRARIES = YES;
				CODE_SIGN_STYLE = Automatic;
				DEVELOPMENT_TEAM = HA7UKJFQWZ;
				INFOPLIST_FILE = tests_appUITests/Info.plist;
				LD_RUNPATH_SEARCH_PATHS = (
					"$(inherited)",
					"@executable_path/Frameworks",
					"@loader_path/Frameworks",
				);
				PRODUCT_BUNDLE_IDENTIFIER = "ballustra.test.tests-appUITests";
				PRODUCT_NAME = "$(TARGET_NAME)";
				SWIFT_VERSION = 5.0;
				TARGETED_DEVICE_FAMILY = "1,2";
				TEST_TARGET_NAME = tests_app;
			};
			name = Debug;
		};
		FAFA69C2250B2FDA007D3694 /* Release */ = {
			isa = XCBuildConfiguration;
			buildSettings = {
				ALWAYS_EMBED_SWIFT_STANDARD_LIBRARIES = YES;
				CODE_SIGN_STYLE = Automatic;
				DEVELOPMENT_TEAM = HA7UKJFQWZ;
				INFOPLIST_FILE = tests_appUITests/Info.plist;
				LD_RUNPATH_SEARCH_PATHS = (
					"$(inherited)",
					"@executable_path/Frameworks",
					"@loader_path/Frameworks",
				);
				PRODUCT_BUNDLE_IDENTIFIER = "ballustra.test.tests-appUITests";
				PRODUCT_NAME = "$(TARGET_NAME)";
				SWIFT_VERSION = 5.0;
				TARGETED_DEVICE_FAMILY = "1,2";
				TEST_TARGET_NAME = tests_app;
			};
			name = Release;
		};
/* End XCBuildConfiguration section */

/* Begin XCConfigurationList section */
		FAFA698B250B2FD9007D3694 /* Build configuration list for PBXProject "tests_app" */ = {
			isa = XCConfigurationList;
			buildConfigurations = (
				FAFA69B8250B2FDA007D3694 /* Debug */,
				FAFA69B9250B2FDA007D3694 /* Release */,
			);
			defaultConfigurationIsVisible = 0;
			defaultConfigurationName = Release;
		};
		FAFA69BA250B2FDA007D3694 /* Build configuration list for PBXNativeTarget "tests_app" */ = {
			isa = XCConfigurationList;
			buildConfigurations = (
				FAFA69BB250B2FDA007D3694 /* Debug */,
				FAFA69BC250B2FDA007D3694 /* Release */,
			);
			defaultConfigurationIsVisible = 0;
			defaultConfigurationName = Release;
		};
		FAFA69BD250B2FDA007D3694 /* Build configuration list for PBXNativeTarget "tests_appTests" */ = {
			isa = XCConfigurationList;
			buildConfigurations = (
				FAFA69BE250B2FDA007D3694 /* Debug */,
				FAFA69BF250B2FDA007D3694 /* Release */,
			);
			defaultConfigurationIsVisible = 0;
			defaultConfigurationName = Release;
		};
		FAFA69C0250B2FDA007D3694 /* Build configuration list for PBXNativeTarget "tests_appUITests" */ = {
			isa = XCConfigurationList;
			buildConfigurations = (
				FAFA69C1250B2FDA007D3694 /* Debug */,
				FAFA69C2250B2FDA007D3694 /* Release */,
			);
			defaultConfigurationIsVisible = 0;
			defaultConfigurationName = Release;
		};
/* End XCConfigurationList section */
	};
	rootObject = FAFA6988250B2FD9007D3694 /* Project object */;
}
